
Microsoft Visual Studio Solution File, Format Version 12.00
# Visual Studio Version 16
VisualStudioVersion = 16.0.30503.244
MinimumVisualStudioVersion = 10.0.40219.1
Project("{FAE04EC0-301F-11D3-BF4B-00C04F79EFBC}") = "DesktopContactsApp", "DesktopContactsApp\DesktopContactsApp.csproj", "{05B6B019-20F7-457E-919A-4E93B7D11847}"
EndProject
Global
	GlobalSection(SolutionConfigurationPlatforms) = preSolution
		Debug|Any CPU = Debug|Any CPU
		Release|Any CPU = Release|Any CPU
	EndGlobalSection
	GlobalSection(ProjectConfigurationPlatforms) = postSolution
		{05B6B019-20F7-457E-919A-4E93B7D11847}.Debug|Any CPU.ActiveCfg = Debug|Any CPU
		{05B6B019-20F7-457E-919A-4E93B7D11847}.Debug|Any CPU.Build.0 = Debug|Any CPU
		{05B6B019-20F7-457E-919A-4E93B7D11847}.Release|Any CPU.ActiveCfg = Release|Any CPU
		{05B6B019-20F7-457E-919A-4E93B7D11847}.Release|Any CPU.Build.0 = Release|Any CPU
	EndGlobalSection
	GlobalSection(SolutionProperties) = preSolution
		HideSolutionNode = FALSE
	EndGlobalSection
	GlobalSection(ExtensibilityGlobals) = postSolution
		SolutionGuid = {B394EC0C-75C6-4B66-869A-415918404E67}
	EndGlobalSection
EndGlobal
